
Microsoft Visual Studio Solution File, Format Version 12.00
# Visual Studio 15
VisualStudioVersion = 15.0.27428.2027
MinimumVisualStudioVersion = 10.0.40219.1
Project("{FAE04EC0-301F-11D3-BF4B-00C04F79EFBC}") = "Bootstrap4-Net-Core-Starter", "Bootstrap4-Net-Core-Starter\Bootstrap4-Net-Core-Starter.csproj", "{243E4EE8-B710-4244-88C5-06D113D9B2D0}"
EndProject
Global
	GlobalSection(SolutionConfigurationPlatforms) = preSolution
		Debug|Any CPU = Debug|Any CPU
		Release|Any CPU = Release|Any CPU
	EndGlobalSection
	GlobalSection(ProjectConfigurationPlatforms) = postSolution
		{243E4EE8-B710-4244-88C5-06D113D9B2D0}.Debug|Any CPU.ActiveCfg = Debug|Any CPU
		{243E4EE8-B710-4244-88C5-06D113D9B2D0}.Debug|Any CPU.Build.0 = Debug|Any CPU
		{243E4EE8-B710-4244-88C5-06D113D9B2D0}.Release|Any CPU.ActiveCfg = Release|Any CPU
		{243E4EE8-B710-4244-88C5-06D113D9B2D0}.Release|Any CPU.Build.0 = Release|Any CPU
	EndGlobalSection
	GlobalSection(SolutionProperties) = preSolution
		HideSolutionNode = FALSE
	EndGlobalSection
	GlobalSection(ExtensibilityGlobals) = postSolution
		SolutionGuid = {C1333C1E-0C43-4799-8285-30EDAEBF7480}
	EndGlobalSection
EndGlobal
